{
  "object": {
    "pins": [
      {
        "package": "swift-nio",
        "repositoryURL": "https://github.com/apple/swift-nio",
        "state": {
          "branch": null,
          "revision": "c07fea1aa5fa8147a4f43929fff6d71ec17f01fb",
          "version": "2.0.1"
        }
      },
      {
        "package": "swift-nio-ssl",
        "repositoryURL": "https://github.com/apple/swift-nio-ssl",
        "state": {
          "branch": null,
          "revision": "f9ac0c3486f8e9333e791caf135e3fe067e0e66c",
          "version": "2.0.2"
        }
      }
    ]
  },
  "version": 1
}
